// !$*UTF8*$!
{
	archiveVersion = 1;
	classes = {
	};
	objectVersion = 50;
	objects = {

/* Begin PBXBuildFile section */
		660EF4DA20B911EA00D42F23 /* AppDelegate.swift in Sources */ = {isa = PBXBuildFile; fileRef = 660EF4D920B911EA00D42F23 /* AppDelegate.swift */; };
		660EF4DC20B911EA00D42F23 /* ViewController.swift in Sources */ = {isa = PBXBuildFile; fileRef = 660EF4DB20B911EA00D42F23 /* ViewController.swift */; };
		660EF4DF20B911EA00D42F23 /* Main.storyboard in Resources */ = {isa = PBXBuildFile; fileRef = 660EF4DD20B911EA00D42F23 /* Main.storyboard */; };
		660EF4E220B911EA00D42F23 /* VCPureYogaClassBooking.xcdatamodeld in Sources */ = {isa = PBXBuildFile; fileRef = 660EF4E020B911EA00D42F23 /* VCPureYogaClassBooking.xcdatamodeld */; };
		660EF4E420B911EC00D42F23 /* Assets.xcassets in Resources */ = {isa = PBXBuildFile; fileRef = 660EF4E320B911EC00D42F23 /* Assets.xcassets */; };
		660EF4E720B911EC00D42F23 /* LaunchScreen.storyboard in Resources */ = {isa = PBXBuildFile; fileRef = 660EF4E520B911EC00D42F23 /* LaunchScreen.storyboard */; };
		660EF4EF20B913A500D42F23 /* Constants.swift in Sources */ = {isa = PBXBuildFile; fileRef = 660EF4EE20B913A500D42F23 /* Constants.swift */; };
		695FCB815F87BA017873E69C /* Pods_VCPureYogaClassBooking.framework in Frameworks */ = {isa = PBXBuildFile; fileRef = ACFE20C962F2CDCD2FF29323 /* Pods_VCPureYogaClassBooking.framework */; };
/* End PBXBuildFile section */

/* Begin PBXFileReference section */
		437855BCDBAFA36B52D20F6A /* Pods-VCPureYogaClassBooking.release.xcconfig */ = {isa = PBXFileReference; includeInIndex = 1; lastKnownFileType = text.xcconfig; name = "Pods-VCPureYogaClassBooking.release.xcconfig"; path = "Pods/Target Support Files/Pods-VCPureYogaClassBooking/Pods-VCPureYogaClassBooking.release.xcconfig"; sourceTree = "<group>"; };
		660EF4D620B911EA00D42F23 /* VCPureYogaClassBooking.app */ = {isa = PBXFileReference; explicitFileType = wrapper.application; includeInIndex = 0; path = VCPureYogaClassBooking.app; sourceTree = BUILT_PRODUCTS_DIR; };
		660EF4D920B911EA00D42F23 /* AppDelegate.swift */ = {isa = PBXFileReference; lastKnownFileType = sourcecode.swift; path = AppDelegate.swift; sourceTree = "<group>"; };
		660EF4DB20B911EA00D42F23 /* ViewController.swift */ = {isa = PBXFileReference; lastKnownFileType = sourcecode.swift; path = ViewController.swift; sourceTree = "<group>"; };
		660EF4DE20B911EA00D42F23 /* Base */ = {isa = PBXFileReference; lastKnownFileType = file.storyboard; name = Base; path = Base.lproj/Main.storyboard; sourceTree = "<group>"; };
		660EF4E120B911EA00D42F23 /* VCPureYogaClassBooking.xcdatamodel */ = {isa = PBXFileReference; lastKnownFileType = wrapper.xcdatamodel; path = VCPureYogaClassBooking.xcdatamodel; sourceTree = "<group>"; };
		660EF4E320B911EC00D42F23 /* Assets.xcassets */ = {isa = PBXFileReference; lastKnownFileType = folder.assetcatalog; path = Assets.xcassets; sourceTree = "<group>"; };
		660EF4E620B911EC00D42F23 /* Base */ = {isa = PBXFileReference; lastKnownFileType = file.storyboard; name = Base; path = Base.lproj/LaunchScreen.storyboard; sourceTree = "<group>"; };
		660EF4E820B911EC00D42F23 /* Info.plist */ = {isa = PBXFileReference; lastKnownFileType = text.plist.xml; path = Info.plist; sourceTree = "<group>"; };
		660EF4EE20B913A500D42F23 /* Constants.swift */ = {isa = PBXFileReference; fileEncoding = 4; lastKnownFileType = sourcecode.swift; path = Constants.swift; sourceTree = "<group>"; };
		ACFE20C962F2CDCD2FF29323 /* Pods_VCPureYogaClassBooking.framework */ = {isa = PBXFileReference; explicitFileType = wrapper.framework; includeInIndex = 0; path = Pods_VCPureYogaClassBooking.framework; sourceTree = BUILT_PRODUCTS_DIR; };
		CAE7C4E97AB677401D4D1D54 /* Pods-VCPureYogaClassBooking.debug.xcconfig */ = {isa = PBXFileReference; includeInIndex = 1; lastKnownFileType = text.xcconfig; name = "Pods-VCPureYogaClassBooking.debug.xcconfig"; path = "Pods/Target Support Files/Pods-VCPureYogaClassBooking/Pods-VCPureYogaClassBooking.debug.xcconfig"; sourceTree = "<group>"; };
/* End PBXFileReference section */

/* Begin PBXFrameworksBuildPhase section */
		660EF4D320B911EA00D42F23 /* Frameworks */ = {
			isa = PBXFrameworksBuildPhase;
			buildActionMask = 2147483647;
			files = (
				695FCB815F87BA017873E69C /* Pods_VCPureYogaClassBooking.framework in Frameworks */,
			);
			runOnlyForDeploymentPostprocessing = 0;
		};
/* End PBXFrameworksBuildPhase section */

/* Begin PBXGroup section */
		43F9DFF39EB70D814BCEFDFE /* Pods */ = {
			isa = PBXGroup;
			children = (
				CAE7C4E97AB677401D4D1D54 /* Pods-VCPureYogaClassBooking.debug.xcconfig */,
				437855BCDBAFA36B52D20F6A /* Pods-VCPureYogaClassBooking.release.xcconfig */,
			);
			name = Pods;
			sourceTree = "<group>";
		};
		660EF4CD20B911EA00D42F23 = {
			isa = PBXGroup;
			children = (
				660EF4D820B911EA00D42F23 /* VCPureYogaClassBooking */,
				660EF4D720B911EA00D42F23 /* Products */,
				43F9DFF39EB70D814BCEFDFE /* Pods */,
				E503EB9B700FD2D25A95A868 /* Frameworks */,
			);
			sourceTree = "<group>";
		};
		660EF4D720B911EA00D42F23 /* Products */ = {
			isa = PBXGroup;
			children = (
				660EF4D620B911EA00D42F23 /* VCPureYogaClassBooking.app */,
			);
			name = Products;
			sourceTree = "<group>";
		};
		660EF4D820B911EA00D42F23 /* VCPureYogaClassBooking */ = {
			isa = PBXGroup;
			children = (
				660EF4D920B911EA00D42F23 /* AppDelegate.swift */,
				660EF4EE20B913A500D42F23 /* Constants.swift */,
				660EF4DB20B911EA00D42F23 /* ViewController.swift */,
				660EF4DD20B911EA00D42F23 /* Main.storyboard */,
				660EF4E320B911EC00D42F23 /* Assets.xcassets */,
				660EF4E520B911EC00D42F23 /* LaunchScreen.storyboard */,
				660EF4E820B911EC00D42F23 /* Info.plist */,
				660EF4E020B911EA00D42F23 /* VCPureYogaClassBooking.xcdatamodeld */,
			);
			path = VCPureYogaClassBooking;
			sourceTree = "<group>";
		};
		E503EB9B700FD2D25A95A868 /* Frameworks */ = {
			isa = PBXGroup;
			children = (
				ACFE20C962F2CDCD2FF29323 /* Pods_VCPureYogaClassBooking.framework */,
			);
			name = Frameworks;
			sourceTree = "<group>";
		};
/* End PBXGroup section */

/* Begin PBXNativeTarget section */
		660EF4D520B911EA00D42F23 /* VCPureYogaClassBooking */ = {
			isa = PBXNativeTarget;
			buildConfigurationList = 660EF4EB20B911EC00D42F23 /* Build configuration list for PBXNativeTarget "VCPureYogaClassBooking" */;
			buildPhases = (
				FBAE590B9E9671281674D96C /* [CP] Check Pods Manifest.lock */,
				660EF4D220B911EA00D42F23 /* Sources */,
				660EF4D320B911EA00D42F23 /* Frameworks */,
				660EF4D420B911EA00D42F23 /* Resources */,
				2F7E2A5066B55A4A39995487 /* [CP] Embed Pods Frameworks */,
			);
			buildRules = (
			);
			dependencies = (
			);
			name = VCPureYogaClassBooking;
			productName = VCPureYogaClassBooking;
			productReference = 660EF4D620B911EA00D42F23 /* VCPureYogaClassBooking.app */;
			productType = "com.apple.product-type.application";
		};
/* End PBXNativeTarget section */

/* Begin PBXProject section */
		660EF4CE20B911EA00D42F23 /* Project object */ = {
			isa = PBXProject;
			attributes = {
				LastSwiftUpdateCheck = 0930;
				LastUpgradeCheck = 0930;
				ORGANIZATIONNAME = "VHHC Studio";
				TargetAttributes = {
					660EF4D520B911EA00D42F23 = {
						CreatedOnToolsVersion = 9.3.1;
					};
				};
			};
			buildConfigurationList = 660EF4D120B911EA00D42F23 /* Build configuration list for PBXProject "VCPureYogaClassBooking" */;
			compatibilityVersion = "Xcode 9.3";
			developmentRegion = en;
			hasScannedForEncodings = 0;
			knownRegions = (
				en,
				Base,
			);
			mainGroup = 660EF4CD20B911EA00D42F23;
			productRefGroup = 660EF4D720B911EA00D42F23 /* Products */;
			projectDirPath = "";
			projectRoot = "";
			targets = (
				660EF4D520B911EA00D42F23 /* VCPureYogaClassBooking */,
			);
		};
/* End PBXProject section */

/* Begin PBXResourcesBuildPhase section */
		660EF4D420B911EA00D42F23 /* Resources */ = {
			isa = PBXResourcesBuildPhase;
			buildActionMask = 2147483647;
			files = (
				660EF4E720B911EC00D42F23 /* LaunchScreen.storyboard in Resources */,
				660EF4E420B911EC00D42F23 /* Assets.xcassets in Resources */,
				660EF4DF20B911EA00D42F23 /* Main.storyboard in Resources */,
			);
			runOnlyForDeploymentPostprocessing = 0;
		};
/* End PBXResourcesBuildPhase section */

/* Begin PBXShellScriptBuildPhase section */
		2F7E2A5066B55A4A39995487 /* [CP] Embed Pods Frameworks */ = {
			isa = PBXShellScriptBuildPhase;
			buildActionMask = 2147483647;
			files = (
			);
			inputPaths = (
				"${SRCROOT}/Pods/Target Support Files/Pods-VCPureYogaClassBooking/Pods-VCPureYogaClassBooking-frameworks.sh",
				"${BUILT_PRODUCTS_DIR}/CocoaLumberjack/CocoaLumberjack.framework",
				"${BUILT_PRODUCTS_DIR}/Kanna/Kanna.framework",
			);
			name = "[CP] Embed Pods Frameworks";
			outputPaths = (
				"${TARGET_BUILD_DIR}/${FRAMEWORKS_FOLDER_PATH}/CocoaLumberjack.framework",
				"${TARGET_BUILD_DIR}/${FRAMEWORKS_FOLDER_PATH}/Kanna.framework",
			);
			runOnlyForDeploymentPostprocessing = 0;
			shellPath = /bin/sh;
			shellScript = "\"${SRCROOT}/Pods/Target Support Files/Pods-VCPureYogaClassBooking/Pods-VCPureYogaClassBooking-frameworks.sh\"\n";
			showEnvVarsInLog = 0;
		};
		FBAE590B9E9671281674D96C /* [CP] Check Pods Manifest.lock */ = {
			isa = PBXShellScriptBuildPhase;
			buildActionMask = 2147483647;
			files = (
			);
			inputPaths = (
				"${PODS_PODFILE_DIR_PATH}/Podfile.lock",
				"${PODS_ROOT}/Manifest.lock",
			);
			name = "[CP] Check Pods Manifest.lock";
			outputPaths = (
				"$(DERIVED_FILE_DIR)/Pods-VCPureYogaClassBooking-checkManifestLockResult.txt",
			);
			runOnlyForDeploymentPostprocessing = 0;
			shellPath = /bin/sh;
			shellScript = "diff \"${PODS_PODFILE_DIR_PATH}/Podfile.lock\" \"${PODS_ROOT}/Manifest.lock\" > /dev/null\nif [ $? != 0 ] ; then\n    # print error to STDERR\n    echo \"error: The sandbox is not in sync with the Podfile.lock. Run 'pod install' or update your CocoaPods installation.\" >&2\n    exit 1\nfi\n# This output is used by Xcode 'outputs' to avoid re-running this script phase.\necho \"SUCCESS\" > \"${SCRIPT_OUTPUT_FILE_0}\"\n";
			showEnvVarsInLog = 0;
		};
/* End PBXShellScriptBuildPhase section */

/* Begin PBXSourcesBuildPhase section */
		660EF4D220B911EA00D42F23 /* Sources */ = {
			isa = PBXSourcesBuildPhase;
			buildActionMask = 2147483647;
			files = (
				660EF4DC20B911EA00D42F23 /* ViewController.swift in Sources */,
				660EF4DA20B911EA00D42F23 /* AppDelegate.swift in Sources */,
				660EF4E220B911EA00D42F23 /* VCPureYogaClassBooking.xcdatamodeld in Sources */,
				660EF4EF20B913A500D42F23 /* Constants.swift in Sources */,
			);
			runOnlyForDeploymentPostprocessing = 0;
		};
/* End PBXSourcesBuildPhase section */

/* Begin PBXVariantGroup section */
		660EF4DD20B911EA00D42F23 /* Main.storyboard */ = {
			isa = PBXVariantGroup;
			children = (
				660EF4DE20B911EA00D42F23 /* Base */,
			);
			name = Main.storyboard;
			sourceTree = "<group>";
		};
		660EF4E520B911EC00D42F23 /* LaunchScreen.storyboard */ = {
			isa = PBXVariantGroup;
			children = (
				660EF4E620B911EC00D42F23 /* Base */,
			);
			name = LaunchScreen.storyboard;
			sourceTree = "<group>";
		};
/* End PBXVariantGroup section */

/* Begin XCBuildConfiguration section */
		660EF4E920B911EC00D42F23 /* Debug */ = {
			isa = XCBuildConfiguration;
			buildSettings = {
				ALWAYS_SEARCH_USER_PATHS = NO;
				CLANG_ANALYZER_NONNULL = YES;
				CLANG_ANALYZER_NUMBER_OBJECT_CONVERSION = YES_AGGRESSIVE;
				CLANG_CXX_LANGUAGE_STANDARD = "gnu++14";
				CLANG_CXX_LIBRARY = "libc++";
				CLANG_ENABLE_MODULES = YES;
				CLANG_ENABLE_OBJC_ARC = YES;
				CLANG_ENABLE_OBJC_WEAK = YES;
				CLANG_WARN_BLOCK_CAPTURE_AUTORELEASING = YES;
				CLANG_WARN_BOOL_CONVERSION = YES;
				CLANG_WARN_COMMA = YES;
				CLANG_WARN_CONSTANT_CONVERSION = YES;
				CLANG_WARN_DEPRECATED_OBJC_IMPLEMENTATIONS = YES;
				CLANG_WARN_DIRECT_OBJC_ISA_USAGE = YES_ERROR;
				CLANG_WARN_DOCUMENTATION_COMMENTS = YES;
				CLANG_WARN_EMPTY_BODY = YES;
				CLANG_WARN_ENUM_CONVERSION = YES;
				CLANG_WARN_INFINITE_RECURSION = YES;
				CLANG_WARN_INT_CONVERSION = YES;
				CLANG_WARN_NON_LITERAL_NULL_CONVERSION = YES;
				CLANG_WARN_OBJC_IMPLICIT_RETAIN_SELF = YES;
				CLANG_WARN_OBJC_LITERAL_CONVERSION = YES;
				CLANG_WARN_OBJC_ROOT_CLASS = YES_ERROR;
				CLANG_WARN_RANGE_LOOP_ANALYSIS = YES;
				CLANG_WARN_STRICT_PROTOTYPES = YES;
				CLANG_WARN_SUSPICIOUS_MOVE = YES;
				CLANG_WARN_UNGUARDED_AVAILABILITY = YES_AGGRESSIVE;
				CLANG_WARN_UNREACHABLE_CODE = YES;
				CLANG_WARN__DUPLICATE_METHOD_MATCH = YES;
				CODE_SIGN_IDENTITY = "iPhone Developer";
				COPY_PHASE_STRIP = NO;
				DEBUG_INFORMATION_FORMAT = dwarf;
				ENABLE_STRICT_OBJC_MSGSEND = YES;
				ENABLE_TESTABILITY = YES;
				GCC_C_LANGUAGE_STANDARD = gnu11;
				GCC_DYNAMIC_NO_PIC = NO;
				GCC_NO_COMMON_BLOCKS = YES;
				GCC_OPTIMIZATION_LEVEL = 0;
				GCC_PREPROCESSOR_DEFINITIONS = (
					"DEBUG=1",
					"$(inherited)",
				);
				GCC_WARN_64_TO_32_BIT_CONVERSION = YES;
				GCC_WARN_ABOUT_RETURN_TYPE = YES_ERROR;
				GCC_WARN_UNDECLARED_SELECTOR = YES;
				GCC_WARN_UNINITIALIZED_AUTOS = YES_AGGRESSIVE;
				GCC_WARN_UNUSED_FUNCTION = YES;
				GCC_WARN_UNUSED_VARIABLE = YES;
				IPHONEOS_DEPLOYMENT_TARGET = 11.3;
				MTL_ENABLE_DEBUG_INFO = YES;
				ONLY_ACTIVE_ARCH = YES;
				SDKROOT = iphoneos;
				SWIFT_ACTIVE_COMPILATION_CONDITIONS = DEBUG;
				SWIFT_OPTIMIZATION_LEVEL = "-Onone";
			};
			name = Debug;
		};
		660EF4EA20B911EC00D42F23 /* Release */ = {
			isa = XCBuildConfiguration;
			buildSettings = {
				ALWAYS_SEARCH_USER_PATHS = NO;
				CLANG_ANALYZER_NONNULL = YES;
				CLANG_ANALYZER_NUMBER_OBJECT_CONVERSION = YES_AGGRESSIVE;
				CLANG_CXX_LANGUAGE_STANDARD = "gnu++14";
				CLANG_CXX_LIBRARY = "libc++";
				CLANG_ENABLE_MODULES = YES;
				CLANG_ENABLE_OBJC_ARC = YES;
				CLANG_ENABLE_OBJC_WEAK = YES;
				CLANG_WARN_BLOCK_CAPTURE_AUTORELEASING = YES;
				CLANG_WARN_BOOL_CONVERSION = YES;
				CLANG_WARN_COMMA = YES;
				CLANG_WARN_CONSTANT_CONVERSION = YES;
				CLANG_WARN_DEPRECATED_OBJC_IMPLEMENTATIONS = YES;
				CLANG_WARN_DIRECT_OBJC_ISA_USAGE = YES_ERROR;
				CLANG_WARN_DOCUMENTATION_COMMENTS = YES;
				CLANG_WARN_EMPTY_BODY = YES;
				CLANG_WARN_ENUM_CONVERSION = YES;
				CLANG_WARN_INFINITE_RECURSION = YES;
				CLANG_WARN_INT_CONVERSION = YES;
				CLANG_WARN_NON_LITERAL_NULL_CONVERSION = YES;
				CLANG_WARN_OBJC_IMPLICIT_RETAIN_SELF = YES;
				CLANG_WARN_OBJC_LITERAL_CONVERSION = YES;
				CLANG_WARN_OBJC_ROOT_CLASS = YES_ERROR;
				CLANG_WARN_RANGE_LOOP_ANALYSIS = YES;
				CLANG_WARN_STRICT_PROTOTYPES = YES;
				CLANG_WARN_SUSPICIOUS_MOVE = YES;
				CLANG_WARN_UNGUARDED_AVAILABILITY = YES_AGGRESSIVE;
				CLANG_WARN_UNREACHABLE_CODE = YES;
				CLANG_WARN__DUPLICATE_METHOD_MATCH = YES;
				CODE_SIGN_IDENTITY = "iPhone Developer";
				COPY_PHASE_STRIP = NO;
				DEBUG_INFORMATION_FORMAT = "dwarf-with-dsym";
				ENABLE_NS_ASSERTIONS = NO;
				ENABLE_STRICT_OBJC_MSGSEND = YES;
				GCC_C_LANGUAGE_STANDARD = gnu11;
				GCC_NO_COMMON_BLOCKS = YES;
				GCC_WARN_64_TO_32_BIT_CONVERSION = YES;
				GCC_WARN_ABOUT_RETURN_TYPE = YES_ERROR;
				GCC_WARN_UNDECLARED_SELECTOR = YES;
				GCC_WARN_UNINITIALIZED_AUTOS = YES_AGGRESSIVE;
				GCC_WARN_UNUSED_FUNCTION = YES;
				GCC_WARN_UNUSED_VARIABLE = YES;
				IPHONEOS_DEPLOYMENT_TARGET = 11.3;
				MTL_ENABLE_DEBUG_INFO = NO;
				SDKROOT = iphoneos;
				SWIFT_COMPILATION_MODE = wholemodule;
				SWIFT_OPTIMIZATION_LEVEL = "-O";
				VALIDATE_PRODUCT = YES;
			};
			name = Release;
		};
		660EF4EC20B911EC00D42F23 /* Debug */ = {
			isa = XCBuildConfiguration;
			baseConfigurationReference = CAE7C4E97AB677401D4D1D54 /* Pods-VCPureYogaClassBooking.debug.xcconfig */;
			buildSettings = {
				ASSETCATALOG_COMPILER_APPICON_NAME = AppIcon;
				CODE_SIGN_STYLE = Automatic;
				DEVELOPMENT_TEAM = ZWQWGRSN4T;
				INFOPLIST_FILE = VCPureYogaClassBooking/Info.plist;
				IPHONEOS_DEPLOYMENT_TARGET = 10.0;
				LD_RUNPATH_SEARCH_PATHS = "$(inherited) @executable_path/Frameworks";
				PRODUCT_BUNDLE_IDENTIFIER = com.VHHC.VCPureYogaClassBooking;
				PRODUCT_NAME = "$(TARGET_NAME)";
				SWIFT_VERSION = 4.0;
				TARGETED_DEVICE_FAMILY = 1;
			};
			name = Debug;
		};
		660EF4ED20B911EC00D42F23 /* Release */ = {
			isa = XCBuildConfiguration;
			baseConfigurationReference = 437855BCDBAFA36B52D20F6A /* Pods-VCPureYogaClassBooking.release.xcconfig */;
			buildSettings = {
				ASSETCATALOG_COMPILER_APPICON_NAME = AppIcon;
				CODE_SIGN_STYLE = Automatic;
				DEVELOPMENT_TEAM = ZWQWGRSN4T;
				INFOPLIST_FILE = VCPureYogaClassBooking/Info.plist;
				IPHONEOS_DEPLOYMENT_TARGET = 10.0;
				LD_RUNPATH_SEARCH_PATHS = "$(inherited) @executable_path/Frameworks";
				PRODUCT_BUNDLE_IDENTIFIER = com.VHHC.VCPureYogaClassBooking;
				PRODUCT_NAME = "$(TARGET_NAME)";
				SWIFT_VERSION = 4.0;
				TARGETED_DEVICE_FAMILY = 1;
			};
			name = Release;
		};
/* End XCBuildConfiguration section */

/* Begin XCConfigurationList section */
		660EF4D120B911EA00D42F23 /* Build configuration list for PBXProject "VCPureYogaClassBooking" */ = {
			isa = XCConfigurationList;
			buildConfigurations = (
				660EF4E920B911EC00D42F23 /* Debug */,
				660EF4EA20B911EC00D42F23 /* Release */,
			);
			defaultConfigurationIsVisible = 0;
			defaultConfigurationName = Release;
		};
		660EF4EB20B911EC00D42F23 /* Build configuration list for PBXNativeTarget "VCPureYogaClassBooking" */ = {
			isa = XCConfigurationList;
			buildConfigurations = (
				660EF4EC20B911EC00D42F23 /* Debug */,
				660EF4ED20B911EC00D42F23 /* Release */,
			);
			defaultConfigurationIsVisible = 0;
			defaultConfigurationName = Release;
		};
/* End XCConfigurationList section */

/* Begin XCVersionGroup section */
		660EF4E020B911EA00D42F23 /* VCPureYogaClassBooking.xcdatamodeld */ = {
			isa = XCVersionGroup;
			children = (
				660EF4E120B911EA00D42F23 /* VCPureYogaClassBooking.xcdatamodel */,
			);
			currentVersion = 660EF4E120B911EA00D42F23 /* VCPureYogaClassBooking.xcdatamodel */;
			path = VCPureYogaClassBooking.xcdatamodeld;
			sourceTree = "<group>";
			versionGroupType = wrapper.xcdatamodel;
		};
/* End XCVersionGroup section */
	};
	rootObject = 660EF4CE20B911EA00D42F23 /* Project object */;
}
